
Microsoft Visual Studio Solution File, Format Version 12.00
# Visual Studio Version 17
VisualStudioVersion = 17.5.33424.131
MinimumVisualStudioVersion = 10.0.40219.1
Project("{8BC9CEB8-8B4A-11D0-8D11-00A0C91BC942}") = "Activitystructure_135", "Activitystructure_135\Activitystructure_135.vcxproj", "{821EBC62-9130-4C27-B1DC-2D7FD5DC605A}"
EndProject
Project("{8BC9CEB8-8B4A-11D0-8D11-00A0C91BC942}") = "Activitystructure(2)_135", "Activitystructure(2)_135\Activitystructure(2)_135.vcxproj", "{16CCFD1B-F287-480B-BFB8-A19CF1DC53F7}"
EndProject
Project("{8BC9CEB8-8B4A-11D0-8D11-00A0C91BC942}") = "Activitystructure(3)_135", "Activitystructure(3)\Activitystructure(3).vcxproj", "{4E9B852B-9790-4252-BDEF-C7BA375F18E4}"
EndProject
Global
	GlobalSection(SolutionConfigurationPlatforms) = preSolution
		Debug|x64 = Debug|x64
		Debug|x86 = Debug|x86
		Release|x64 = Release|x64
		Release|x86 = Release|x86
	EndGlobalSection
	GlobalSection(ProjectConfigurationPlatforms) = postSolution
		{821EBC62-9130-4C27-B1DC-2D7FD5DC605A}.Debug|x64.ActiveCfg = Debug|x64
		{821EBC62-9130-4C27-B1DC-2D7FD5DC605A}.Debug|x64.Build.0 = Debug|x64
		{821EBC62-9130-4C27-B1DC-2D7FD5DC605A}.Debug|x86.ActiveCfg = Debug|Win32
		{821EBC62-9130-4C27-B1DC-2D7FD5DC605A}.Debug|x86.Build.0 = Debug|Win32
		{821EBC62-9130-4C27-B1DC-2D7FD5DC605A}.Release|x64.ActiveCfg = Release|x64
		{821EBC62-9130-4C27-B1DC-2D7FD5DC605A}.Release|x64.Build.0 = Release|x64
		{821EBC62-9130-4C27-B1DC-2D7FD5DC605A}.Release|x86.ActiveCfg = Release|Win32
		{821EBC62-9130-4C27-B1DC-2D7FD5DC605A}.Release|x86.Build.0 = Release|Win32
		{16CCFD1B-F287-480B-BFB8-A19CF1DC53F7}.Debug|x64.ActiveCfg = Debug|x64
		{16CCFD1B-F287-480B-BFB8-A19CF1DC53F7}.Debug|x64.Build.0 = Debug|x64
		{16CCFD1B-F287-480B-BFB8-A19CF1DC53F7}.Debug|x86.ActiveCfg = Debug|Win32
		{16CCFD1B-F287-480B-BFB8-A19CF1DC53F7}.Debug|x86.Build.0 = Debug|Win32
		{16CCFD1B-F287-480B-BFB8-A19CF1DC53F7}.Release|x64.ActiveCfg = Release|x64
		{16CCFD1B-F287-480B-BFB8-A19CF1DC53F7}.Release|x64.Build.0 = Release|x64
		{16CCFD1B-F287-480B-BFB8-A19CF1DC53F7}.Release|x86.ActiveCfg = Release|Win32
		{16CCFD1B-F287-480B-BFB8-A19CF1DC53F7}.Release|x86.Build.0 = Release|Win32
		{4E9B852B-9790-4252-BDEF-C7BA375F18E4}.Debug|x64.ActiveCfg = Debug|x64
		{4E9B852B-9790-4252-BDEF-C7BA375F18E4}.Debug|x64.Build.0 = Debug|x64
		{4E9B852B-9790-4252-BDEF-C7BA375F18E4}.Debug|x86.ActiveCfg = Debug|Win32
		{4E9B852B-9790-4252-BDEF-C7BA375F18E4}.Debug|x86.Build.0 = Debug|Win32
		{4E9B852B-9790-4252-BDEF-C7BA375F18E4}.Release|x64.ActiveCfg = Release|x64
		{4E9B852B-9790-4252-BDEF-C7BA375F18E4}.Release|x64.Build.0 = Release|x64
		{4E9B852B-9790-4252-BDEF-C7BA375F18E4}.Release|x86.ActiveCfg = Release|Win32
		{4E9B852B-9790-4252-BDEF-C7BA375F18E4}.Release|x86.Build.0 = Release|Win32
	EndGlobalSection
	GlobalSection(SolutionProperties) = preSolution
		HideSolutionNode = FALSE
	EndGlobalSection
	GlobalSection(ExtensibilityGlobals) = postSolution
		SolutionGuid = {F1BAB5F6-8EDD-4462-8D67-7585B6E4504B}
	EndGlobalSection
EndGlobal
